
Microsoft Visual Studio Solution File, Format Version 12.00
# Visual Studio 15
VisualStudioVersion = 15.0.26730.10
MinimumVisualStudioVersion = 10.0.40219.1
Project("{FAE04EC0-301F-11D3-BF4B-00C04F79EFBC}") = "XamarinCalendar", "XamarinCalendar\XamarinCalendar\XamarinCalendar.csproj", "{A6DCFA3A-C6C6-49A5-9593-08774F12715A}"
EndProject
Project("{FAE04EC0-301F-11D3-BF4B-00C04F79EFBC}") = "XamarinCalendar.Tizen.TV", "XamarinCalendar\XamarinCalendar.Tizen.TV\XamarinCalendar.Tizen.TV.csproj", "{61A5D6EE-9173-48C3-8AF7-024B89F7B864}"
EndProject
Global
	GlobalSection(SolutionConfigurationPlatforms) = preSolution
		Debug|Any CPU = Debug|Any CPU
		Release|Any CPU = Release|Any CPU
	EndGlobalSection
	GlobalSection(ProjectConfigurationPlatforms) = postSolution
		{A6DCFA3A-C6C6-49A5-9593-08774F12715A}.Debug|Any CPU.ActiveCfg = Debug|Any CPU
		{A6DCFA3A-C6C6-49A5-9593-08774F12715A}.Debug|Any CPU.Build.0 = Debug|Any CPU
		{A6DCFA3A-C6C6-49A5-9593-08774F12715A}.Release|Any CPU.ActiveCfg = Release|Any CPU
		{A6DCFA3A-C6C6-49A5-9593-08774F12715A}.Release|Any CPU.Build.0 = Release|Any CPU
		{61A5D6EE-9173-48C3-8AF7-024B89F7B864}.Debug|Any CPU.ActiveCfg = Debug|Any CPU
		{61A5D6EE-9173-48C3-8AF7-024B89F7B864}.Debug|Any CPU.Build.0 = Debug|Any CPU
		{61A5D6EE-9173-48C3-8AF7-024B89F7B864}.Release|Any CPU.ActiveCfg = Release|Any CPU
		{61A5D6EE-9173-48C3-8AF7-024B89F7B864}.Release|Any CPU.Build.0 = Release|Any CPU
	EndGlobalSection
	GlobalSection(SolutionProperties) = preSolution
		HideSolutionNode = FALSE
	EndGlobalSection
	GlobalSection(ExtensibilityGlobals) = postSolution
		SolutionGuid = {D5A2B5A8-0A68-445A-BA1D-E5B0395F4014}
	EndGlobalSection
EndGlobal
